
Microsoft Visual Studio Solution File, Format Version 12.00
# Visual Studio Version 17
VisualStudioVersion = 17.13.35825.156 d17.13
MinimumVisualStudioVersion = 10.0.40219.1
Project("{FAE04EC0-301F-11D3-BF4B-00C04F79EFBC}") = "Football_LR1", "Football_LR1\Football_LR1.csproj", "{49B818C8-7FA4-488B-B863-F2E610259815}"
EndProject
Global
	GlobalSection(SolutionConfigurationPlatforms) = preSolution
		Debug|Any CPU = Debug|Any CPU
		Release|Any CPU = Release|Any CPU
	EndGlobalSection
	GlobalSection(ProjectConfigurationPlatforms) = postSolution
		{49B818C8-7FA4-488B-B863-F2E610259815}.Debug|Any CPU.ActiveCfg = Debug|Any CPU
		{49B818C8-7FA4-488B-B863-F2E610259815}.Debug|Any CPU.Build.0 = Debug|Any CPU
		{49B818C8-7FA4-488B-B863-F2E610259815}.Release|Any CPU.ActiveCfg = Release|Any CPU
		{49B818C8-7FA4-488B-B863-F2E610259815}.Release|Any CPU.Build.0 = Release|Any CPU
	EndGlobalSection
	GlobalSection(SolutionProperties) = preSolution
		HideSolutionNode = FALSE
	EndGlobalSection
	GlobalSection(ExtensibilityGlobals) = postSolution
		SolutionGuid = {AA48B5C6-22D0-4B6A-9082-AF4457552C5C}
	EndGlobalSection
EndGlobal
