
Microsoft Visual Studio Solution File, Format Version 12.00
# Visual Studio Version 17
VisualStudioVersion = 17.13.35818.85 d17.13
MinimumVisualStudioVersion = 10.0.40219.1
Project("{FAE04EC0-301F-11D3-BF4B-00C04F79EFBC}") = "My_TreeView", "My_TreeView\My_TreeView.csproj", "{04C5D4DC-ADAB-4C3F-A4CC-3D6D453CB2C4}"
EndProject
Project("{FAE04EC0-301F-11D3-BF4B-00C04F79EFBC}") = "MyLibrary", "MyLibrary\MyLibrary.csproj", "{17FB8792-F231-42AD-B9D4-B8A5883F3D14}"
EndProject
Global
	GlobalSection(SolutionConfigurationPlatforms) = preSolution
		Debug|Any CPU = Debug|Any CPU
		Release|Any CPU = Release|Any CPU
	EndGlobalSection
	GlobalSection(ProjectConfigurationPlatforms) = postSolution
		{04C5D4DC-ADAB-4C3F-A4CC-3D6D453CB2C4}.Debug|Any CPU.ActiveCfg = Debug|Any CPU
		{04C5D4DC-ADAB-4C3F-A4CC-3D6D453CB2C4}.Debug|Any CPU.Build.0 = Debug|Any CPU
		{04C5D4DC-ADAB-4C3F-A4CC-3D6D453CB2C4}.Release|Any CPU.ActiveCfg = Release|Any CPU
		{04C5D4DC-ADAB-4C3F-A4CC-3D6D453CB2C4}.Release|Any CPU.Build.0 = Release|Any CPU
		{17FB8792-F231-42AD-B9D4-B8A5883F3D14}.Debug|Any CPU.ActiveCfg = Debug|Any CPU
		{17FB8792-F231-42AD-B9D4-B8A5883F3D14}.Debug|Any CPU.Build.0 = Debug|Any CPU
		{17FB8792-F231-42AD-B9D4-B8A5883F3D14}.Release|Any CPU.ActiveCfg = Release|Any CPU
		{17FB8792-F231-42AD-B9D4-B8A5883F3D14}.Release|Any CPU.Build.0 = Release|Any CPU
	EndGlobalSection
	GlobalSection(SolutionProperties) = preSolution
		HideSolutionNode = FALSE
	EndGlobalSection
	GlobalSection(ExtensibilityGlobals) = postSolution
		SolutionGuid = {DCDA18D0-B082-4431-BD18-5F5D6E6B8D5C}
	EndGlobalSection
EndGlobal
